
Microsoft Visual Studio Solution File, Format Version 12.00
# Visual Studio Version 16
VisualStudioVersion = 16.0.31129.286
MinimumVisualStudioVersion = 10.0.40219.1
Project("{8BC9CEB8-8B4A-11D0-8D11-00A0C91BC942}") = "BeefLibrary", "BeefLibrary\BeefLibrary.vcxproj", "{ACBFE707-5AD8-4B64-932B-976F64A965AB}"
EndProject
Project("{8BC9CEB8-8B4A-11D0-8D11-00A0C91BC942}") = "ConsoleApp", "ConsoleApp\ConsoleApp.vcxproj", "{7D2FF763-C1EA-49FD-85E0-8342054E3856}"
EndProject
Project("{8BC9CEB8-8B4A-11D0-8D11-00A0C91BC942}") = "BeefRT", "..\Submodules\Beef\BeefRT\BeefRT.vcxproj", "{5BE0B958-C13B-4986-A588-97A8F707E42E}"
EndProject
Global
	GlobalSection(SolutionConfigurationPlatforms) = preSolution
		Debug Static CStatic|x64 = Debug Static CStatic|x64
		Debug Static CStatic|x86 = Debug Static CStatic|x86
		Debug Static|x64 = Debug Static|x64
		Debug Static|x86 = Debug Static|x86
		Debug|x64 = Debug|x64
		Debug|x86 = Debug|x86
		Release Static CStatic|x64 = Release Static CStatic|x64
		Release Static CStatic|x86 = Release Static CStatic|x86
		Release Static|x64 = Release Static|x64
		Release Static|x86 = Release Static|x86
		Release|x64 = Release|x64
		Release|x86 = Release|x86
	EndGlobalSection
	GlobalSection(ProjectConfigurationPlatforms) = postSolution
		{ACBFE707-5AD8-4B64-932B-976F64A965AB}.Debug Static CStatic|x64.ActiveCfg = Debug|x64
		{ACBFE707-5AD8-4B64-932B-976F64A965AB}.Debug Static CStatic|x64.Build.0 = Debug|x64
		{ACBFE707-5AD8-4B64-932B-976F64A965AB}.Debug Static CStatic|x86.ActiveCfg = Debug|Win32
		{ACBFE707-5AD8-4B64-932B-976F64A965AB}.Debug Static CStatic|x86.Build.0 = Debug|Win32
		{ACBFE707-5AD8-4B64-932B-976F64A965AB}.Debug Static|x64.ActiveCfg = Debug|x64
		{ACBFE707-5AD8-4B64-932B-976F64A965AB}.Debug Static|x64.Build.0 = Debug|x64
		{ACBFE707-5AD8-4B64-932B-976F64A965AB}.Debug Static|x86.ActiveCfg = Debug|Win32
		{ACBFE707-5AD8-4B64-932B-976F64A965AB}.Debug Static|x86.Build.0 = Debug|Win32
		{ACBFE707-5AD8-4B64-932B-976F64A965AB}.Debug|x64.ActiveCfg = Debug|x64
		{ACBFE707-5AD8-4B64-932B-976F64A965AB}.Debug|x64.Build.0 = Debug|x64
		{ACBFE707-5AD8-4B64-932B-976F64A965AB}.Debug|x86.ActiveCfg = Debug|Win32
		{ACBFE707-5AD8-4B64-932B-976F64A965AB}.Debug|x86.Build.0 = Debug|Win32
		{ACBFE707-5AD8-4B64-932B-976F64A965AB}.Release Static CStatic|x64.ActiveCfg = Release|x64
		{ACBFE707-5AD8-4B64-932B-976F64A965AB}.Release Static CStatic|x64.Build.0 = Release|x64
		{ACBFE707-5AD8-4B64-932B-976F64A965AB}.Release Static CStatic|x86.ActiveCfg = Release|Win32
		{ACBFE707-5AD8-4B64-932B-976F64A965AB}.Release Static CStatic|x86.Build.0 = Release|Win32
		{ACBFE707-5AD8-4B64-932B-976F64A965AB}.Release Static|x64.ActiveCfg = Release|x64
		{ACBFE707-5AD8-4B64-932B-976F64A965AB}.Release Static|x64.Build.0 = Release|x64
		{ACBFE707-5AD8-4B64-932B-976F64A965AB}.Release Static|x86.ActiveCfg = Release|Win32
		{ACBFE707-5AD8-4B64-932B-976F64A965AB}.Release Static|x86.Build.0 = Release|Win32
		{ACBFE707-5AD8-4B64-932B-976F64A965AB}.Release|x64.ActiveCfg = Release|x64
		{ACBFE707-5AD8-4B64-932B-976F64A965AB}.Release|x64.Build.0 = Release|x64
		{ACBFE707-5AD8-4B64-932B-976F64A965AB}.Release|x86.ActiveCfg = Release|Win32
		{ACBFE707-5AD8-4B64-932B-976F64A965AB}.Release|x86.Build.0 = Release|Win32
		{7D2FF763-C1EA-49FD-85E0-8342054E3856}.Debug Static CStatic|x64.ActiveCfg = Debug|x64
		{7D2FF763-C1EA-49FD-85E0-8342054E3856}.Debug Static CStatic|x64.Build.0 = Debug|x64
		{7D2FF763-C1EA-49FD-85E0-8342054E3856}.Debug Static CStatic|x86.ActiveCfg = Debug|Win32
		{7D2FF763-C1EA-49FD-85E0-8342054E3856}.Debug Static CStatic|x86.Build.0 = Debug|Win32
		{7D2FF763-C1EA-49FD-85E0-8342054E3856}.Debug Static|x64.ActiveCfg = Debug|x64
		{7D2FF763-C1EA-49FD-85E0-8342054E3856}.Debug Static|x64.Build.0 = Debug|x64
		{7D2FF763-C1EA-49FD-85E0-8342054E3856}.Debug Static|x86.ActiveCfg = Debug|Win32
		{7D2FF763-C1EA-49FD-85E0-8342054E3856}.Debug Static|x86.Build.0 = Debug|Win32
		{7D2FF763-C1EA-49FD-85E0-8342054E3856}.Debug|x64.ActiveCfg = Debug|x64
		{7D2FF763-C1EA-49FD-85E0-8342054E3856}.Debug|x64.Build.0 = Debug|x64
		{7D2FF763-C1EA-49FD-85E0-8342054E3856}.Debug|x86.ActiveCfg = Debug|Win32
		{7D2FF763-C1EA-49FD-85E0-8342054E3856}.Debug|x86.Build.0 = Debug|Win32
		{7D2FF763-C1EA-49FD-85E0-8342054E3856}.Release Static CStatic|x64.ActiveCfg = Release|x64
		{7D2FF763-C1EA-49FD-85E0-8342054E3856}.Release Static CStatic|x64.Build.0 = Release|x64
		{7D2FF763-C1EA-49FD-85E0-8342054E3856}.Release Static CStatic|x86.ActiveCfg = Release|Win32
		{7D2FF763-C1EA-49FD-85E0-8342054E3856}.Release Static CStatic|x86.Build.0 = Release|Win32
		{7D2FF763-C1EA-49FD-85E0-8342054E3856}.Release Static|x64.ActiveCfg = Release|x64
		{7D2FF763-C1EA-49FD-85E0-8342054E3856}.Release Static|x64.Build.0 = Release|x64
		{7D2FF763-C1EA-49FD-85E0-8342054E3856}.Release Static|x86.ActiveCfg = Release|Win32
		{7D2FF763-C1EA-49FD-85E0-8342054E3856}.Release Static|x86.Build.0 = Release|Win32
		{7D2FF763-C1EA-49FD-85E0-8342054E3856}.Release|x64.ActiveCfg = Release|x64
		{7D2FF763-C1EA-49FD-85E0-8342054E3856}.Release|x64.Build.0 = Release|x64
		{7D2FF763-C1EA-49FD-85E0-8342054E3856}.Release|x86.ActiveCfg = Release|Win32
		{7D2FF763-C1EA-49FD-85E0-8342054E3856}.Release|x86.Build.0 = Release|Win32
		{5BE0B958-C13B-4986-A588-97A8F707E42E}.Debug Static CStatic|x64.ActiveCfg = Debug Static CStatic|x64
		{5BE0B958-C13B-4986-A588-97A8F707E42E}.Debug Static CStatic|x64.Build.0 = Debug Static CStatic|x64
		{5BE0B958-C13B-4986-A588-97A8F707E42E}.Debug Static CStatic|x86.ActiveCfg = Debug Static CStatic|Win32
		{5BE0B958-C13B-4986-A588-97A8F707E42E}.Debug Static CStatic|x86.Build.0 = Debug Static CStatic|Win32
		{5BE0B958-C13B-4986-A588-97A8F707E42E}.Debug Static|x64.ActiveCfg = Debug Static|x64
		{5BE0B958-C13B-4986-A588-97A8F707E42E}.Debug Static|x64.Build.0 = Debug Static|x64
		{5BE0B958-C13B-4986-A588-97A8F707E42E}.Debug Static|x86.ActiveCfg = Debug Static|Win32
		{5BE0B958-C13B-4986-A588-97A8F707E42E}.Debug Static|x86.Build.0 = Debug Static|Win32
		{5BE0B958-C13B-4986-A588-97A8F707E42E}.Debug|x64.ActiveCfg = Debug Static|x64
		{5BE0B958-C13B-4986-A588-97A8F707E42E}.Debug|x64.Build.0 = Debug Static|x64
		{5BE0B958-C13B-4986-A588-97A8F707E42E}.Debug|x86.ActiveCfg = Debug|Win32
		{5BE0B958-C13B-4986-A588-97A8F707E42E}.Debug|x86.Build.0 = Debug|Win32
		{5BE0B958-C13B-4986-A588-97A8F707E42E}.Release Static CStatic|x64.ActiveCfg = Release Static CStatic|x64
		{5BE0B958-C13B-4986-A588-97A8F707E42E}.Release Static CStatic|x64.Build.0 = Release Static CStatic|x64
		{5BE0B958-C13B-4986-A588-97A8F707E42E}.Release Static CStatic|x86.ActiveCfg = Release Static CStatic|Win32
		{5BE0B958-C13B-4986-A588-97A8F707E42E}.Release Static CStatic|x86.Build.0 = Release Static CStatic|Win32
		{5BE0B958-C13B-4986-A588-97A8F707E42E}.Release Static|x64.ActiveCfg = Release Static|x64
		{5BE0B958-C13B-4986-A588-97A8F707E42E}.Release Static|x64.Build.0 = Release Static|x64
		{5BE0B958-C13B-4986-A588-97A8F707E42E}.Release Static|x86.ActiveCfg = Release Static|Win32
		{5BE0B958-C13B-4986-A588-97A8F707E42E}.Release Static|x86.Build.0 = Release Static|Win32
		{5BE0B958-C13B-4986-A588-97A8F707E42E}.Release|x64.ActiveCfg = Release Static|x64
		{5BE0B958-C13B-4986-A588-97A8F707E42E}.Release|x64.Build.0 = Release Static|x64
		{5BE0B958-C13B-4986-A588-97A8F707E42E}.Release|x86.ActiveCfg = Release|Win32
		{5BE0B958-C13B-4986-A588-97A8F707E42E}.Release|x86.Build.0 = Release|Win32
	EndGlobalSection
	GlobalSection(SolutionProperties) = preSolution
		HideSolutionNode = FALSE
	EndGlobalSection
	GlobalSection(ExtensibilityGlobals) = postSolution
		SolutionGuid = {2F28E012-95CB-4EFA-8093-9E6CF34890F9}
	EndGlobalSection
EndGlobal
